
Microsoft Visual Studio Solution File, Format Version 12.00
# Visual Studio Version 17
VisualStudioVersion = 17.11.35222.181
MinimumVisualStudioVersion = 10.0.40219.1
Project("{9A19103F-16F7-4668-BE54-9A1E7A4F7556}") = "LIBRERIADIGITAL.WebApi", "LIBRERIADIGITAL.WebApi\LIBRERIADIGITAL.WebApi.csproj", "{651D3955-29A7-431A-8B40-73695488119D}"
EndProject
Global
	GlobalSection(SolutionConfigurationPlatforms) = preSolution
		Debug|Any CPU = Debug|Any CPU
		Release|Any CPU = Release|Any CPU
	EndGlobalSection
	GlobalSection(ProjectConfigurationPlatforms) = postSolution
		{651D3955-29A7-431A-8B40-73695488119D}.Debug|Any CPU.ActiveCfg = Debug|Any CPU
		{651D3955-29A7-431A-8B40-73695488119D}.Debug|Any CPU.Build.0 = Debug|Any CPU
		{651D3955-29A7-431A-8B40-73695488119D}.Release|Any CPU.ActiveCfg = Release|Any CPU
		{651D3955-29A7-431A-8B40-73695488119D}.Release|Any CPU.Build.0 = Release|Any CPU
	EndGlobalSection
	GlobalSection(SolutionProperties) = preSolution
		HideSolutionNode = FALSE
	EndGlobalSection
	GlobalSection(ExtensibilityGlobals) = postSolution
		SolutionGuid = {58A91078-5991-4E39-A22C-F04902D569E4}
	EndGlobalSection
EndGlobal
